// !$*UTF8*$!
{
	archiveVersion = 1;
	classes = {
	};
	objectVersion = 48;
	objects = {

/* Begin PBXBuildFile section */
		0A53C9111FAC93EA00974690 /* main.m in Sources */ = {isa = PBXBuildFile; fileRef = 0A53C9101FAC93EA00974690 /* main.m */; };
		0A53C9191FAC93F700974690 /* Pizza.m in Sources */ = {isa = PBXBuildFile; fileRef = 0A53C9181FAC93F700974690 /* Pizza.m */; };
		0A53C91C1FAC941E00974690 /* Kitchen.m in Sources */ = {isa = PBXBuildFile; fileRef = 0A53C91B1FAC941E00974690 /* Kitchen.m */; };
/* End PBXBuildFile section */

/* Begin PBXCopyFilesBuildPhase section */
		0A53C90B1FAC93EA00974690 /* CopyFiles */ = {
			isa = PBXCopyFilesBuildPhase;
			buildActionMask = 2147483647;
			dstPath = /usr/share/man/man1/;
			dstSubfolderSpec = 0;
			files = (
			);
			runOnlyForDeploymentPostprocessing = 1;
		};
/* End PBXCopyFilesBuildPhase section */

/* Begin PBXFileReference section */
		0A53C90D1FAC93EA00974690 /* NewPizzaRestaurant */ = {isa = PBXFileReference; explicitFileType = "compiled.mach-o.executable"; includeInIndex = 0; path = NewPizzaRestaurant; sourceTree = BUILT_PRODUCTS_DIR; };
		0A53C9101FAC93EA00974690 /* main.m */ = {isa = PBXFileReference; lastKnownFileType = sourcecode.c.objc; path = main.m; sourceTree = "<group>"; };
		0A53C9171FAC93F700974690 /* Pizza.h */ = {isa = PBXFileReference; lastKnownFileType = sourcecode.c.h; path = Pizza.h; sourceTree = "<group>"; };
		0A53C9181FAC93F700974690 /* Pizza.m */ = {isa = PBXFileReference; lastKnownFileType = sourcecode.c.objc; path = Pizza.m; sourceTree = "<group>"; };
		0A53C91A1FAC941E00974690 /* Kitchen.h */ = {isa = PBXFileReference; lastKnownFileType = sourcecode.c.h; name = Kitchen.h; path = ../../../../../../../Applications/Kitchen.h; sourceTree = "<group>"; };
		0A53C91B1FAC941E00974690 /* Kitchen.m */ = {isa = PBXFileReference; lastKnownFileType = sourcecode.c.objc; name = Kitchen.m; path = ../../../../../../../Applications/Kitchen.m; sourceTree = "<group>"; };
/* End PBXFileReference section */

/* Begin PBXFrameworksBuildPhase section */
		0A53C90A1FAC93EA00974690 /* Frameworks */ = {
			isa = PBXFrameworksBuildPhase;
			buildActionMask = 2147483647;
			files = (
			);
			runOnlyForDeploymentPostprocessing = 0;
		};
/* End PBXFrameworksBuildPhase section */

/* Begin PBXGroup section */
		0A53C9041FAC93EA00974690 = {
			isa = PBXGroup;
			children = (
				0A53C90F1FAC93EA00974690 /* NewPizzaRestaurant */,
				0A53C90E1FAC93EA00974690 /* Products */,
			);
			sourceTree = "<group>";
		};
		0A53C90E1FAC93EA00974690 /* Products */ = {
			isa = PBXGroup;
			children = (
				0A53C90D1FAC93EA00974690 /* NewPizzaRestaurant */,
			);
			name = Products;
			sourceTree = "<group>";
		};
		0A53C90F1FAC93EA00974690 /* NewPizzaRestaurant */ = {
			isa = PBXGroup;
			children = (
				0A53C9101FAC93EA00974690 /* main.m */,
				0A53C91A1FAC941E00974690 /* Kitchen.h */,
				0A53C91B1FAC941E00974690 /* Kitchen.m */,
				0A53C9171FAC93F700974690 /* Pizza.h */,
				0A53C9181FAC93F700974690 /* Pizza.m */,
			);
			path = NewPizzaRestaurant;
			sourceTree = "<group>";
		};
/* End PBXGroup section */

/* Begin PBXNativeTarget section */
		0A53C90C1FAC93EA00974690 /* NewPizzaRestaurant */ = {
			isa = PBXNativeTarget;
			buildConfigurationList = 0A53C9141FAC93EA00974690 /* Build configuration list for PBXNativeTarget "NewPizzaRestaurant" */;
			buildPhases = (
				0A53C9091FAC93EA00974690 /* Sources */,
				0A53C90A1FAC93EA00974690 /* Frameworks */,
				0A53C90B1FAC93EA00974690 /* CopyFiles */,
			);
			buildRules = (
			);
			dependencies = (
			);
			name = NewPizzaRestaurant;
			productName = NewPizzaRestaurant;
			productReference = 0A53C90D1FAC93EA00974690 /* NewPizzaRestaurant */;
			productType = "com.apple.product-type.tool";
		};
/* End PBXNativeTarget section */

/* Begin PBXProject section */
		0A53C9051FAC93EA00974690 /* Project object */ = {
			isa = PBXProject;
			attributes = {
				LastUpgradeCheck = 0900;
				ORGANIZATIONNAME = "Alex Quigley";
				TargetAttributes = {
					0A53C90C1FAC93EA00974690 = {
						CreatedOnToolsVersion = 9.0.1;
						ProvisioningStyle = Automatic;
					};
				};
			};
			buildConfigurationList = 0A53C9081FAC93EA00974690 /* Build configuration list for PBXProject "NewPizzaRestaurant" */;
			compatibilityVersion = "Xcode 8.0";
			developmentRegion = en;
			hasScannedForEncodings = 0;
			knownRegions = (
				en,
			);
			mainGroup = 0A53C9041FAC93EA00974690;
			productRefGroup = 0A53C90E1FAC93EA00974690 /* Products */;
			projectDirPath = "";
			projectRoot = "";
			targets = (
				0A53C90C1FAC93EA00974690 /* NewPizzaRestaurant */,
			);
		};
/* End PBXProject section */

/* Begin PBXSourcesBuildPhase section */
		0A53C9091FAC93EA00974690 /* Sources */ = {
			isa = PBXSourcesBuildPhase;
			buildActionMask = 2147483647;
			files = (
				0A53C9191FAC93F700974690 /* Pizza.m in Sources */,
				0A53C9111FAC93EA00974690 /* main.m in Sources */,
				0A53C91C1FAC941E00974690 /* Kitchen.m in Sources */,
			);
			runOnlyForDeploymentPostprocessing = 0;
		};
/* End PBXSourcesBuildPhase section */

/* Begin XCBuildConfiguration section */
		0A53C9121FAC93EA00974690 /* Debug */ = {
			isa = XCBuildConfiguration;
			buildSettings = {
				ALWAYS_SEARCH_USER_PATHS = NO;
				CLANG_ANALYZER_NONNULL = YES;
				CLANG_ANALYZER_NUMBER_OBJECT_CONVERSION = YES_AGGRESSIVE;
				CLANG_CXX_LANGUAGE_STANDARD = "gnu++14";
				CLANG_CXX_LIBRARY = "libc++";
				CLANG_ENABLE_MODULES = YES;
				CLANG_ENABLE_OBJC_ARC = YES;
				CLANG_WARN_BLOCK_CAPTURE_AUTORELEASING = YES;
				CLANG_WARN_BOOL_CONVERSION = YES;
				CLANG_WARN_COMMA = YES;
				CLANG_WARN_CONSTANT_CONVERSION = YES;
				CLANG_WARN_DIRECT_OBJC_ISA_USAGE = YES_ERROR;
				CLANG_WARN_DOCUMENTATION_COMMENTS = YES;
				CLANG_WARN_EMPTY_BODY = YES;
				CLANG_WARN_ENUM_CONVERSION = YES;
				CLANG_WARN_INFINITE_RECURSION = YES;
				CLANG_WARN_INT_CONVERSION = YES;
				CLANG_WARN_NON_LITERAL_NULL_CONVERSION = YES;
				CLANG_WARN_OBJC_LITERAL_CONVERSION = YES;
				CLANG_WARN_OBJC_ROOT_CLASS = YES_ERROR;
				CLANG_WARN_RANGE_LOOP_ANALYSIS = YES;
				CLANG_WARN_STRICT_PROTOTYPES = YES;
				CLANG_WARN_SUSPICIOUS_MOVE = YES;
				CLANG_WARN_UNGUARDED_AVAILABILITY = YES_AGGRESSIVE;
				CLANG_WARN_UNREACHABLE_CODE = YES;
				CLANG_WARN__DUPLICATE_METHOD_MATCH = YES;
				CODE_SIGN_IDENTITY = "-";
				COPY_PHASE_STRIP = NO;
				DEBUG_INFORMATION_FORMAT = dwarf;
				ENABLE_STRICT_OBJC_MSGSEND = YES;
				ENABLE_TESTABILITY = YES;
				GCC_C_LANGUAGE_STANDARD = gnu11;
				GCC_DYNAMIC_NO_PIC = NO;
				GCC_NO_COMMON_BLOCKS = YES;
				GCC_OPTIMIZATION_LEVEL = 0;
				GCC_PREPROCESSOR_DEFINITIONS = (
					"DEBUG=1",
					"$(inherited)",
				);
				GCC_WARN_64_TO_32_BIT_CONVERSION = YES;
				GCC_WARN_ABOUT_RETURN_TYPE = YES_ERROR;
				GCC_WARN_UNDECLARED_SELECTOR = YES;
				GCC_WARN_UNINITIALIZED_AUTOS = YES_AGGRESSIVE;
				GCC_WARN_UNUSED_FUNCTION = YES;
				GCC_WARN_UNUSED_VARIABLE = YES;
				MACOSX_DEPLOYMENT_TARGET = 10.12;
				MTL_ENABLE_DEBUG_INFO = YES;
				ONLY_ACTIVE_ARCH = YES;
				SDKROOT = macosx;
			};
			name = Debug;
		};
		0A53C9131FAC93EA00974690 /* Release */ = {
			isa = XCBuildConfiguration;
			buildSettings = {
				ALWAYS_SEARCH_USER_PATHS = NO;
				CLANG_ANALYZER_NONNULL = YES;
				CLANG_ANALYZER_NUMBER_OBJECT_CONVERSION = YES_AGGRESSIVE;
				CLANG_CXX_LANGUAGE_STANDARD = "gnu++14";
				CLANG_CXX_LIBRARY = "libc++";
				CLANG_ENABLE_MODULES = YES;
				CLANG_ENABLE_OBJC_ARC = YES;
				CLANG_WARN_BLOCK_CAPTURE_AUTORELEASING = YES;
				CLANG_WARN_BOOL_CONVERSION = YES;
				CLANG_WARN_COMMA = YES;
				CLANG_WARN_CONSTANT_CONVERSION = YES;
				CLANG_WARN_DIRECT_OBJC_ISA_USAGE = YES_ERROR;
				CLANG_WARN_DOCUMENTATION_COMMENTS = YES;
				CLANG_WARN_EMPTY_BODY = YES;
				CLANG_WARN_ENUM_CONVERSION = YES;
				CLANG_WARN_INFINITE_RECURSION = YES;
				CLANG_WARN_INT_CONVERSION = YES;
				CLANG_WARN_NON_LITERAL_NULL_CONVERSION = YES;
				CLANG_WARN_OBJC_LITERAL_CONVERSION = YES;
				CLANG_WARN_OBJC_ROOT_CLASS = YES_ERROR;
				CLANG_WARN_RANGE_LOOP_ANALYSIS = YES;
				CLANG_WARN_STRICT_PROTOTYPES = YES;
				CLANG_WARN_SUSPICIOUS_MOVE = YES;
				CLANG_WARN_UNGUARDED_AVAILABILITY = YES_AGGRESSIVE;
				CLANG_WARN_UNREACHABLE_CODE = YES;
				CLANG_WARN__DUPLICATE_METHOD_MATCH = YES;
				CODE_SIGN_IDENTITY = "-";
				COPY_PHASE_STRIP = NO;
				DEBUG_INFORMATION_FORMAT = "dwarf-with-dsym";
				ENABLE_NS_ASSERTIONS = NO;
				ENABLE_STRICT_OBJC_MSGSEND = YES;
				GCC_C_LANGUAGE_STANDARD = gnu11;
				GCC_NO_COMMON_BLOCKS = YES;
				GCC_WARN_64_TO_32_BIT_CONVERSION = YES;
				GCC_WARN_ABOUT_RETURN_TYPE = YES_ERROR;
				GCC_WARN_UNDECLARED_SELECTOR = YES;
				GCC_WARN_UNINITIALIZED_AUTOS = YES_AGGRESSIVE;
				GCC_WARN_UNUSED_FUNCTION = YES;
				GCC_WARN_UNUSED_VARIABLE = YES;
				MACOSX_DEPLOYMENT_TARGET = 10.12;
				MTL_ENABLE_DEBUG_INFO = NO;
				SDKROOT = macosx;
			};
			name = Release;
		};
		0A53C9151FAC93EA00974690 /* Debug */ = {
			isa = XCBuildConfiguration;
			buildSettings = {
				CODE_SIGN_STYLE = Automatic;
				PRODUCT_NAME = "$(TARGET_NAME)";
			};
			name = Debug;
		};
		0A53C9161FAC93EA00974690 /* Release */ = {
			isa = XCBuildConfiguration;
			buildSettings = {
				CODE_SIGN_STYLE = Automatic;
				PRODUCT_NAME = "$(TARGET_NAME)";
			};
			name = Release;
		};
/* End XCBuildConfiguration section */

/* Begin XCConfigurationList section */
		0A53C9081FAC93EA00974690 /* Build configuration list for PBXProject "NewPizzaRestaurant" */ = {
			isa = XCConfigurationList;
			buildConfigurations = (
				0A53C9121FAC93EA00974690 /* Debug */,
				0A53C9131FAC93EA00974690 /* Release */,
			);
			defaultConfigurationIsVisible = 0;
			defaultConfigurationName = Release;
		};
		0A53C9141FAC93EA00974690 /* Build configuration list for PBXNativeTarget "NewPizzaRestaurant" */ = {
			isa = XCConfigurationList;
			buildConfigurations = (
				0A53C9151FAC93EA00974690 /* Debug */,
				0A53C9161FAC93EA00974690 /* Release */,
			);
			defaultConfigurationIsVisible = 0;
			defaultConfigurationName = Release;
		};
/* End XCConfigurationList section */
	};
	rootObject = 0A53C9051FAC93EA00974690 /* Project object */;
}
